
Microsoft Visual Studio Solution File, Format Version 12.00
# Visual Studio Version 16
VisualStudioVersion = 16.0.810.23
MinimumVisualStudioVersion = 10.0.40219.1
Project("{FAE04EC0-301F-11D3-BF4B-00C04F79EFBC}") = "AuthServer", "AuthServer.csproj", "{CE94C7A2-1B5E-4008-A7DD-9EBF0C34916A}"
EndProject
Global
	GlobalSection(SolutionConfigurationPlatforms) = preSolution
		Debug|Any CPU = Debug|Any CPU
		Release|Any CPU = Release|Any CPU
	EndGlobalSection
	GlobalSection(ProjectConfigurationPlatforms) = postSolution
		{CE94C7A2-1B5E-4008-A7DD-9EBF0C34916A}.Debug|Any CPU.ActiveCfg = Debug|Any CPU
		{CE94C7A2-1B5E-4008-A7DD-9EBF0C34916A}.Debug|Any CPU.Build.0 = Debug|Any CPU
		{CE94C7A2-1B5E-4008-A7DD-9EBF0C34916A}.Release|Any CPU.ActiveCfg = Release|Any CPU
		{CE94C7A2-1B5E-4008-A7DD-9EBF0C34916A}.Release|Any CPU.Build.0 = Release|Any CPU
	EndGlobalSection
	GlobalSection(SolutionProperties) = preSolution
		HideSolutionNode = FALSE
	EndGlobalSection
	GlobalSection(ExtensibilityGlobals) = postSolution
		SolutionGuid = {2A11B949-54DC-45A6-B3DA-8771BB912B48}
	EndGlobalSection
EndGlobal
